// !$*UTF8*$!
{
	archiveVersion = 1;
	classes = {
	};
	objectVersion = 46;
	objects = {

/* Begin PBXBuildFile section */
		3E7A1A631C9C37980063F84B /* AppDelegate.swift in Sources */ = {isa = PBXBuildFile; fileRef = 3E7A1A621C9C37980063F84B /* AppDelegate.swift */; };
		3E7A1A651C9C37980063F84B /* ViewController.swift in Sources */ = {isa = PBXBuildFile; fileRef = 3E7A1A641C9C37980063F84B /* ViewController.swift */; };
		3E7A1A681C9C37980063F84B /* Main.storyboard in Resources */ = {isa = PBXBuildFile; fileRef = 3E7A1A661C9C37980063F84B /* Main.storyboard */; };
		3E7A1A6A1C9C37980063F84B /* Assets.xcassets in Resources */ = {isa = PBXBuildFile; fileRef = 3E7A1A691C9C37980063F84B /* Assets.xcassets */; };
		3E7A1A6D1C9C37980063F84B /* LaunchScreen.storyboard in Resources */ = {isa = PBXBuildFile; fileRef = 3E7A1A6B1C9C37980063F84B /* LaunchScreen.storyboard */; };
		3E7A1A781C9C37980063F84B /* TableViewAssignmentTests.swift in Sources */ = {isa = PBXBuildFile; fileRef = 3E7A1A771C9C37980063F84B /* TableViewAssignmentTests.swift */; };
		3E7A1A831C9C37980063F84B /* TableViewAssignmentUITests.swift in Sources */ = {isa = PBXBuildFile; fileRef = 3E7A1A821C9C37980063F84B /* TableViewAssignmentUITests.swift */; };
		3E7A1A911C9C39C70063F84B /* TableViewController.swift in Sources */ = {isa = PBXBuildFile; fileRef = 3E7A1A901C9C39C70063F84B /* TableViewController.swift */; };
		3E7A1A931C9C3A030063F84B /* DetailsViewController.swift in Sources */ = {isa = PBXBuildFile; fileRef = 3E7A1A921C9C3A030063F84B /* DetailsViewController.swift */; };
		3E7A1A951C9C3A420063F84B /* Pirate.swift in Sources */ = {isa = PBXBuildFile; fileRef = 3E7A1A941C9C3A420063F84B /* Pirate.swift */; };
/* End PBXBuildFile section */

/* Begin PBXContainerItemProxy section */
		3E7A1A741C9C37980063F84B /* PBXContainerItemProxy */ = {
			isa = PBXContainerItemProxy;
			containerPortal = 3E7A1A571C9C37980063F84B /* Project object */;
			proxyType = 1;
			remoteGlobalIDString = 3E7A1A5E1C9C37980063F84B;
			remoteInfo = TableViewAssignment;
		};
		3E7A1A7F1C9C37980063F84B /* PBXContainerItemProxy */ = {
			isa = PBXContainerItemProxy;
			containerPortal = 3E7A1A571C9C37980063F84B /* Project object */;
			proxyType = 1;
			remoteGlobalIDString = 3E7A1A5E1C9C37980063F84B;
			remoteInfo = TableViewAssignment;
		};
/* End PBXContainerItemProxy section */

/* Begin PBXFileReference section */
		3E7A1A5F1C9C37980063F84B /* TableViewAssignment.app */ = {isa = PBXFileReference; explicitFileType = wrapper.application; includeInIndex = 0; path = TableViewAssignment.app; sourceTree = BUILT_PRODUCTS_DIR; };
		3E7A1A621C9C37980063F84B /* AppDelegate.swift */ = {isa = PBXFileReference; lastKnownFileType = sourcecode.swift; path = AppDelegate.swift; sourceTree = "<group>"; };
		3E7A1A641C9C37980063F84B /* ViewController.swift */ = {isa = PBXFileReference; lastKnownFileType = sourcecode.swift; path = ViewController.swift; sourceTree = "<group>"; };
		3E7A1A671C9C37980063F84B /* Base */ = {isa = PBXFileReference; lastKnownFileType = file.storyboard; name = Base; path = Base.lproj/Main.storyboard; sourceTree = "<group>"; };
		3E7A1A691C9C37980063F84B /* Assets.xcassets */ = {isa = PBXFileReference; lastKnownFileType = folder.assetcatalog; path = Assets.xcassets; sourceTree = "<group>"; };
		3E7A1A6C1C9C37980063F84B /* Base */ = {isa = PBXFileReference; lastKnownFileType = file.storyboard; name = Base; path = Base.lproj/LaunchScreen.storyboard; sourceTree = "<group>"; };
		3E7A1A6E1C9C37980063F84B /* Info.plist */ = {isa = PBXFileReference; lastKnownFileType = text.plist.xml; path = Info.plist; sourceTree = "<group>"; };
		3E7A1A731C9C37980063F84B /* TableViewAssignmentTests.xctest */ = {isa = PBXFileReference; explicitFileType = wrapper.cfbundle; includeInIndex = 0; path = TableViewAssignmentTests.xctest; sourceTree = BUILT_PRODUCTS_DIR; };
		3E7A1A771C9C37980063F84B /* TableViewAssignmentTests.swift */ = {isa = PBXFileReference; lastKnownFileType = sourcecode.swift; path = TableViewAssignmentTests.swift; sourceTree = "<group>"; };
		3E7A1A791C9C37980063F84B /* Info.plist */ = {isa = PBXFileReference; lastKnownFileType = text.plist.xml; path = Info.plist; sourceTree = "<group>"; };
		3E7A1A7E1C9C37980063F84B /* TableViewAssignmentUITests.xctest */ = {isa = PBXFileReference; explicitFileType = wrapper.cfbundle; includeInIndex = 0; path = TableViewAssignmentUITests.xctest; sourceTree = BUILT_PRODUCTS_DIR; };
		3E7A1A821C9C37980063F84B /* TableViewAssignmentUITests.swift */ = {isa = PBXFileReference; lastKnownFileType = sourcecode.swift; path = TableViewAssignmentUITests.swift; sourceTree = "<group>"; };
		3E7A1A841C9C37980063F84B /* Info.plist */ = {isa = PBXFileReference; lastKnownFileType = text.plist.xml; path = Info.plist; sourceTree = "<group>"; };
		3E7A1A901C9C39C70063F84B /* TableViewController.swift */ = {isa = PBXFileReference; fileEncoding = 4; lastKnownFileType = sourcecode.swift; path = TableViewController.swift; sourceTree = "<group>"; };
		3E7A1A921C9C3A030063F84B /* DetailsViewController.swift */ = {isa = PBXFileReference; fileEncoding = 4; lastKnownFileType = sourcecode.swift; path = DetailsViewController.swift; sourceTree = "<group>"; };
		3E7A1A941C9C3A420063F84B /* Pirate.swift */ = {isa = PBXFileReference; fileEncoding = 4; lastKnownFileType = sourcecode.swift; path = Pirate.swift; sourceTree = "<group>"; };
/* End PBXFileReference section */

/* Begin PBXFrameworksBuildPhase section */
		3E7A1A5C1C9C37980063F84B /* Frameworks */ = {
			isa = PBXFrameworksBuildPhase;
			buildActionMask = 2147483647;
			files = (
			);
			runOnlyForDeploymentPostprocessing = 0;
		};
		3E7A1A701C9C37980063F84B /* Frameworks */ = {
			isa = PBXFrameworksBuildPhase;
			buildActionMask = 2147483647;
			files = (
			);
			runOnlyForDeploymentPostprocessing = 0;
		};
		3E7A1A7B1C9C37980063F84B /* Frameworks */ = {
			isa = PBXFrameworksBuildPhase;
			buildActionMask = 2147483647;
			files = (
			);
			runOnlyForDeploymentPostprocessing = 0;
		};
/* End PBXFrameworksBuildPhase section */

/* Begin PBXGroup section */
		3E7A1A561C9C37980063F84B = {
			isa = PBXGroup;
			children = (
				3E7A1A611C9C37980063F84B /* TableViewAssignment */,
				3E7A1A761C9C37980063F84B /* TableViewAssignmentTests */,
				3E7A1A811C9C37980063F84B /* TableViewAssignmentUITests */,
				3E7A1A601C9C37980063F84B /* Products */,
			);
			sourceTree = "<group>";
		};
		3E7A1A601C9C37980063F84B /* Products */ = {
			isa = PBXGroup;
			children = (
				3E7A1A5F1C9C37980063F84B /* TableViewAssignment.app */,
				3E7A1A731C9C37980063F84B /* TableViewAssignmentTests.xctest */,
				3E7A1A7E1C9C37980063F84B /* TableViewAssignmentUITests.xctest */,
			);
			name = Products;
			sourceTree = "<group>";
		};
		3E7A1A611C9C37980063F84B /* TableViewAssignment */ = {
			isa = PBXGroup;
			children = (
				3E7A1A621C9C37980063F84B /* AppDelegate.swift */,
				3E7A1A641C9C37980063F84B /* ViewController.swift */,
				3E7A1A661C9C37980063F84B /* Main.storyboard */,
				3E7A1A941C9C3A420063F84B /* Pirate.swift */,
				3E7A1A901C9C39C70063F84B /* TableViewController.swift */,
				3E7A1A921C9C3A030063F84B /* DetailsViewController.swift */,
				3E7A1A691C9C37980063F84B /* Assets.xcassets */,
				3E7A1A6B1C9C37980063F84B /* LaunchScreen.storyboard */,
				3E7A1A6E1C9C37980063F84B /* Info.plist */,
			);
			path = TableViewAssignment;
			sourceTree = "<group>";
		};
		3E7A1A761C9C37980063F84B /* TableViewAssignmentTests */ = {
			isa = PBXGroup;
			children = (
				3E7A1A771C9C37980063F84B /* TableViewAssignmentTests.swift */,
				3E7A1A791C9C37980063F84B /* Info.plist */,
			);
			path = TableViewAssignmentTests;
			sourceTree = "<group>";
		};
		3E7A1A811C9C37980063F84B /* TableViewAssignmentUITests */ = {
			isa = PBXGroup;
			children = (
				3E7A1A821C9C37980063F84B /* TableViewAssignmentUITests.swift */,
				3E7A1A841C9C37980063F84B /* Info.plist */,
			);
			path = TableViewAssignmentUITests;
			sourceTree = "<group>";
		};
/* End PBXGroup section */

/* Begin PBXNativeTarget section */
		3E7A1A5E1C9C37980063F84B /* TableViewAssignment */ = {
			isa = PBXNativeTarget;
			buildConfigurationList = 3E7A1A871C9C37980063F84B /* Build configuration list for PBXNativeTarget "TableViewAssignment" */;
			buildPhases = (
				3E7A1A5B1C9C37980063F84B /* Sources */,
				3E7A1A5C1C9C37980063F84B /* Frameworks */,
				3E7A1A5D1C9C37980063F84B /* Resources */,
			);
			buildRules = (
			);
			dependencies = (
			);
			name = TableViewAssignment;
			productName = TableViewAssignment;
			productReference = 3E7A1A5F1C9C37980063F84B /* TableViewAssignment.app */;
			productType = "com.apple.product-type.application";
		};
		3E7A1A721C9C37980063F84B /* TableViewAssignmentTests */ = {
			isa = PBXNativeTarget;
			buildConfigurationList = 3E7A1A8A1C9C37980063F84B /* Build configuration list for PBXNativeTarget "TableViewAssignmentTests" */;
			buildPhases = (
				3E7A1A6F1C9C37980063F84B /* Sources */,
				3E7A1A701C9C37980063F84B /* Frameworks */,
				3E7A1A711C9C37980063F84B /* Resources */,
			);
			buildRules = (
			);
			dependencies = (
				3E7A1A751C9C37980063F84B /* PBXTargetDependency */,
			);
			name = TableViewAssignmentTests;
			productName = TableViewAssignmentTests;
			productReference = 3E7A1A731C9C37980063F84B /* TableViewAssignmentTests.xctest */;
			productType = "com.apple.product-type.bundle.unit-test";
		};
		3E7A1A7D1C9C37980063F84B /* TableViewAssignmentUITests */ = {
			isa = PBXNativeTarget;
			buildConfigurationList = 3E7A1A8D1C9C37980063F84B /* Build configuration list for PBXNativeTarget "TableViewAssignmentUITests" */;
			buildPhases = (
				3E7A1A7A1C9C37980063F84B /* Sources */,
				3E7A1A7B1C9C37980063F84B /* Frameworks */,
				3E7A1A7C1C9C37980063F84B /* Resources */,
			);
			buildRules = (
			);
			dependencies = (
				3E7A1A801C9C37980063F84B /* PBXTargetDependency */,
			);
			name = TableViewAssignmentUITests;
			productName = TableViewAssignmentUITests;
			productReference = 3E7A1A7E1C9C37980063F84B /* TableViewAssignmentUITests.xctest */;
			productType = "com.apple.product-type.bundle.ui-testing";
		};
/* End PBXNativeTarget section */

/* Begin PBXProject section */
		3E7A1A571C9C37980063F84B /* Project object */ = {
			isa = PBXProject;
			attributes = {
				LastSwiftUpdateCheck = 0720;
				LastUpgradeCheck = 0720;
				ORGANIZATIONNAME = "Nino Vrijman";
				TargetAttributes = {
					3E7A1A5E1C9C37980063F84B = {
						CreatedOnToolsVersion = 7.2.1;
					};
					3E7A1A721C9C37980063F84B = {
						CreatedOnToolsVersion = 7.2.1;
						TestTargetID = 3E7A1A5E1C9C37980063F84B;
					};
					3E7A1A7D1C9C37980063F84B = {
						CreatedOnToolsVersion = 7.2.1;
						TestTargetID = 3E7A1A5E1C9C37980063F84B;
					};
				};
			};
			buildConfigurationList = 3E7A1A5A1C9C37980063F84B /* Build configuration list for PBXProject "TableViewAssignment" */;
			compatibilityVersion = "Xcode 3.2";
			developmentRegion = English;
			hasScannedForEncodings = 0;
			knownRegions = (
				en,
				Base,
			);
			mainGroup = 3E7A1A561C9C37980063F84B;
			productRefGroup = 3E7A1A601C9C37980063F84B /* Products */;
			projectDirPath = "";
			projectRoot = "";
			targets = (
				3E7A1A5E1C9C37980063F84B /* TableViewAssignment */,
				3E7A1A721C9C37980063F84B /* TableViewAssignmentTests */,
				3E7A1A7D1C9C37980063F84B /* TableViewAssignmentUITests */,
			);
		};
/* End PBXProject section */

/* Begin PBXResourcesBuildPhase section */
		3E7A1A5D1C9C37980063F84B /* Resources */ = {
			isa = PBXResourcesBuildPhase;
			buildActionMask = 2147483647;
			files = (
				3E7A1A6D1C9C37980063F84B /* LaunchScreen.storyboard in Resources */,
				3E7A1A6A1C9C37980063F84B /* Assets.xcassets in Resources */,
				3E7A1A681C9C37980063F84B /* Main.storyboard in Resources */,
			);
			runOnlyForDeploymentPostprocessing = 0;
		};
		3E7A1A711C9C37980063F84B /* Resources */ = {
			isa = PBXResourcesBuildPhase;
			buildActionMask = 2147483647;
			files = (
			);
			runOnlyForDeploymentPostprocessing = 0;
		};
		3E7A1A7C1C9C37980063F84B /* Resources */ = {
			isa = PBXResourcesBuildPhase;
			buildActionMask = 2147483647;
			files = (
			);
			runOnlyForDeploymentPostprocessing = 0;
		};
/* End PBXResourcesBuildPhase section */

/* Begin PBXSourcesBuildPhase section */
		3E7A1A5B1C9C37980063F84B /* Sources */ = {
			isa = PBXSourcesBuildPhase;
			buildActionMask = 2147483647;
			files = (
				3E7A1A651C9C37980063F84B /* ViewController.swift in Sources */,
				3E7A1A911C9C39C70063F84B /* TableViewController.swift in Sources */,
				3E7A1A631C9C37980063F84B /* AppDelegate.swift in Sources */,
				3E7A1A951C9C3A420063F84B /* Pirate.swift in Sources */,
				3E7A1A931C9C3A030063F84B /* DetailsViewController.swift in Sources */,
			);
			runOnlyForDeploymentPostprocessing = 0;
		};
		3E7A1A6F1C9C37980063F84B /* Sources */ = {
			isa = PBXSourcesBuildPhase;
			buildActionMask = 2147483647;
			files = (
				3E7A1A781C9C37980063F84B /* TableViewAssignmentTests.swift in Sources */,
			);
			runOnlyForDeploymentPostprocessing = 0;
		};
		3E7A1A7A1C9C37980063F84B /* Sources */ = {
			isa = PBXSourcesBuildPhase;
			buildActionMask = 2147483647;
			files = (
				3E7A1A831C9C37980063F84B /* TableViewAssignmentUITests.swift in Sources */,
			);
			runOnlyForDeploymentPostprocessing = 0;
		};
/* End PBXSourcesBuildPhase section */

/* Begin PBXTargetDependency section */
		3E7A1A751C9C37980063F84B /* PBXTargetDependency */ = {
			isa = PBXTargetDependency;
			target = 3E7A1A5E1C9C37980063F84B /* TableViewAssignment */;
			targetProxy = 3E7A1A741C9C37980063F84B /* PBXContainerItemProxy */;
		};
		3E7A1A801C9C37980063F84B /* PBXTargetDependency */ = {
			isa = PBXTargetDependency;
			target = 3E7A1A5E1C9C37980063F84B /* TableViewAssignment */;
			targetProxy = 3E7A1A7F1C9C37980063F84B /* PBXContainerItemProxy */;
		};
/* End PBXTargetDependency section */

/* Begin PBXVariantGroup section */
		3E7A1A661C9C37980063F84B /* Main.storyboard */ = {
			isa = PBXVariantGroup;
			children = (
				3E7A1A671C9C37980063F84B /* Base */,
			);
			name = Main.storyboard;
			sourceTree = "<group>";
		};
		3E7A1A6B1C9C37980063F84B /* LaunchScreen.storyboard */ = {
			isa = PBXVariantGroup;
			children = (
				3E7A1A6C1C9C37980063F84B /* Base */,
			);
			name = LaunchScreen.storyboard;
			sourceTree = "<group>";
		};
/* End PBXVariantGroup section */

/* Begin XCBuildConfiguration section */
		3E7A1A851C9C37980063F84B /* Debug */ = {
			isa = XCBuildConfiguration;
			buildSettings = {
				ALWAYS_SEARCH_USER_PATHS = NO;
				CLANG_CXX_LANGUAGE_STANDARD = "gnu++0x";
				CLANG_CXX_LIBRARY = "libc++";
				CLANG_ENABLE_MODULES = YES;
				CLANG_ENABLE_OBJC_ARC = YES;
				CLANG_WARN_BOOL_CONVERSION = YES;
				CLANG_WARN_CONSTANT_CONVERSION = YES;
				CLANG_WARN_DIRECT_OBJC_ISA_USAGE = YES_ERROR;
				CLANG_WARN_EMPTY_BODY = YES;
				CLANG_WARN_ENUM_CONVERSION = YES;
				CLANG_WARN_INT_CONVERSION = YES;
				CLANG_WARN_OBJC_ROOT_CLASS = YES_ERROR;
				CLANG_WARN_UNREACHABLE_CODE = YES;
				CLANG_WARN__DUPLICATE_METHOD_MATCH = YES;
				"CODE_SIGN_IDENTITY[sdk=iphoneos*]" = "iPhone Developer";
				COPY_PHASE_STRIP = NO;
				DEBUG_INFORMATION_FORMAT = dwarf;
				ENABLE_STRICT_OBJC_MSGSEND = YES;
				ENABLE_TESTABILITY = YES;
				GCC_C_LANGUAGE_STANDARD = gnu99;
				GCC_DYNAMIC_NO_PIC = NO;
				GCC_NO_COMMON_BLOCKS = YES;
				GCC_OPTIMIZATION_LEVEL = 0;
				GCC_PREPROCESSOR_DEFINITIONS = (
					"DEBUG=1",
					"$(inherited)",
				);
				GCC_WARN_64_TO_32_BIT_CONVERSION = YES;
				GCC_WARN_ABOUT_RETURN_TYPE = YES_ERROR;
				GCC_WARN_UNDECLARED_SELECTOR = YES;
				GCC_WARN_UNINITIALIZED_AUTOS = YES_AGGRESSIVE;
				GCC_WARN_UNUSED_FUNCTION = YES;
				GCC_WARN_UNUSED_VARIABLE = YES;
				IPHONEOS_DEPLOYMENT_TARGET = 9.2;
				MTL_ENABLE_DEBUG_INFO = YES;
				ONLY_ACTIVE_ARCH = YES;
				SDKROOT = iphoneos;
				SWIFT_OPTIMIZATION_LEVEL = "-Onone";
			};
			name = Debug;
		};
		3E7A1A861C9C37980063F84B /* Release */ = {
			isa = XCBuildConfiguration;
			buildSettings = {
				ALWAYS_SEARCH_USER_PATHS = NO;
				CLANG_CXX_LANGUAGE_STANDARD = "gnu++0x";
				CLANG_CXX_LIBRARY = "libc++";
				CLANG_ENABLE_MODULES = YES;
				CLANG_ENABLE_OBJC_ARC = YES;
				CLANG_WARN_BOOL_CONVERSION = YES;
				CLANG_WARN_CONSTANT_CONVERSION = YES;
				CLANG_WARN_DIRECT_OBJC_ISA_USAGE = YES_ERROR;
				CLANG_WARN_EMPTY_BODY = YES;
				CLANG_WARN_ENUM_CONVERSION = YES;
				CLANG_WARN_INT_CONVERSION = YES;
				CLANG_WARN_OBJC_ROOT_CLASS = YES_ERROR;
				CLANG_WARN_UNREACHABLE_CODE = YES;
				CLANG_WARN__DUPLICATE_METHOD_MATCH = YES;
				"CODE_SIGN_IDENTITY[sdk=iphoneos*]" = "iPhone Developer";
				COPY_PHASE_STRIP = NO;
				DEBUG_INFORMATION_FORMAT = "dwarf-with-dsym";
				ENABLE_NS_ASSERTIONS = NO;
				ENABLE_STRICT_OBJC_MSGSEND = YES;
				GCC_C_LANGUAGE_STANDARD = gnu99;
				GCC_NO_COMMON_BLOCKS = YES;
				GCC_WARN_64_TO_32_BIT_CONVERSION = YES;
				GCC_WARN_ABOUT_RETURN_TYPE = YES_ERROR;
				GCC_WARN_UNDECLARED_SELECTOR = YES;
				GCC_WARN_UNINITIALIZED_AUTOS = YES_AGGRESSIVE;
				GCC_WARN_UNUSED_FUNCTION = YES;
				GCC_WARN_UNUSED_VARIABLE = YES;
				IPHONEOS_DEPLOYMENT_TARGET = 9.2;
				MTL_ENABLE_DEBUG_INFO = NO;
				SDKROOT = iphoneos;
				VALIDATE_PRODUCT = YES;
			};
			name = Release;
		};
		3E7A1A881C9C37980063F84B /* Debug */ = {
			isa = XCBuildConfiguration;
			buildSettings = {
				ASSETCATALOG_COMPILER_APPICON_NAME = AppIcon;
				INFOPLIST_FILE = TableViewAssignment/Info.plist;
				LD_RUNPATH_SEARCH_PATHS = "$(inherited) @executable_path/Frameworks";
				PRODUCT_BUNDLE_IDENTIFIER = edu.fontys.sm.TableViewAssignment;
				PRODUCT_NAME = "$(TARGET_NAME)";
			};
			name = Debug;
		};
		3E7A1A891C9C37980063F84B /* Release */ = {
			isa = XCBuildConfiguration;
			buildSettings = {
				ASSETCATALOG_COMPILER_APPICON_NAME = AppIcon;
				INFOPLIST_FILE = TableViewAssignment/Info.plist;
				LD_RUNPATH_SEARCH_PATHS = "$(inherited) @executable_path/Frameworks";
				PRODUCT_BUNDLE_IDENTIFIER = edu.fontys.sm.TableViewAssignment;
				PRODUCT_NAME = "$(TARGET_NAME)";
			};
			name = Release;
		};
		3E7A1A8B1C9C37980063F84B /* Debug */ = {
			isa = XCBuildConfiguration;
			buildSettings = {
				BUNDLE_LOADER = "$(TEST_HOST)";
				INFOPLIST_FILE = TableViewAssignmentTests/Info.plist;
				LD_RUNPATH_SEARCH_PATHS = "$(inherited) @executable_path/Frameworks @loader_path/Frameworks";
				PRODUCT_BUNDLE_IDENTIFIER = edu.fontys.sm.TableViewAssignmentTests;
				PRODUCT_NAME = "$(TARGET_NAME)";
				TEST_HOST = "$(BUILT_PRODUCTS_DIR)/TableViewAssignment.app/TableViewAssignment";
			};
			name = Debug;
		};
		3E7A1A8C1C9C37980063F84B /* Release */ = {
			isa = XCBuildConfiguration;
			buildSettings = {
				BUNDLE_LOADER = "$(TEST_HOST)";
				INFOPLIST_FILE = TableViewAssignmentTests/Info.plist;
				LD_RUNPATH_SEARCH_PATHS = "$(inherited) @executable_path/Frameworks @loader_path/Frameworks";
				PRODUCT_BUNDLE_IDENTIFIER = edu.fontys.sm.TableViewAssignmentTests;
				PRODUCT_NAME = "$(TARGET_NAME)";
				TEST_HOST = "$(BUILT_PRODUCTS_DIR)/TableViewAssignment.app/TableViewAssignment";
			};
			name = Release;
		};
		3E7A1A8E1C9C37980063F84B /* Debug */ = {
			isa = XCBuildConfiguration;
			buildSettings = {
				INFOPLIST_FILE = TableViewAssignmentUITests/Info.plist;
				LD_RUNPATH_SEARCH_PATHS = "$(inherited) @executable_path/Frameworks @loader_path/Frameworks";
				PRODUCT_BUNDLE_IDENTIFIER = edu.fontys.sm.TableViewAssignmentUITests;
				PRODUCT_NAME = "$(TARGET_NAME)";
				TEST_TARGET_NAME = TableViewAssignment;
				USES_XCTRUNNER = YES;
			};
			name = Debug;
		};
		3E7A1A8F1C9C37980063F84B /* Release */ = {
			isa = XCBuildConfiguration;
			buildSettings = {
				INFOPLIST_FILE = TableViewAssignmentUITests/Info.plist;
				LD_RUNPATH_SEARCH_PATHS = "$(inherited) @executable_path/Frameworks @loader_path/Frameworks";
				PRODUCT_BUNDLE_IDENTIFIER = edu.fontys.sm.TableViewAssignmentUITests;
				PRODUCT_NAME = "$(TARGET_NAME)";
				TEST_TARGET_NAME = TableViewAssignment;
				USES_XCTRUNNER = YES;
			};
			name = Release;
		};
/* End XCBuildConfiguration section */

/* Begin XCConfigurationList section */
		3E7A1A5A1C9C37980063F84B /* Build configuration list for PBXProject "TableViewAssignment" */ = {
			isa = XCConfigurationList;
			buildConfigurations = (
				3E7A1A851C9C37980063F84B /* Debug */,
				3E7A1A861C9C37980063F84B /* Release */,
			);
			defaultConfigurationIsVisible = 0;
			defaultConfigurationName = Release;
		};
		3E7A1A871C9C37980063F84B /* Build configuration list for PBXNativeTarget "TableViewAssignment" */ = {
			isa = XCConfigurationList;
			buildConfigurations = (
				3E7A1A881C9C37980063F84B /* Debug */,
				3E7A1A891C9C37980063F84B /* Release */,
			);
			defaultConfigurationIsVisible = 0;
		};
		3E7A1A8A1C9C37980063F84B /* Build configuration list for PBXNativeTarget "TableViewAssignmentTests" */ = {
			isa = XCConfigurationList;
			buildConfigurations = (
				3E7A1A8B1C9C37980063F84B /* Debug */,
				3E7A1A8C1C9C37980063F84B /* Release */,
			);
			defaultConfigurationIsVisible = 0;
		};
		3E7A1A8D1C9C37980063F84B /* Build configuration list for PBXNativeTarget "TableViewAssignmentUITests" */ = {
			isa = XCConfigurationList;
			buildConfigurations = (
				3E7A1A8E1C9C37980063F84B /* Debug */,
				3E7A1A8F1C9C37980063F84B /* Release */,
			);
			defaultConfigurationIsVisible = 0;
		};
/* End XCConfigurationList section */
	};
	rootObject = 3E7A1A571C9C37980063F84B /* Project object */;
}
